// !$*UTF8*$!
{
	archiveVersion = 1;
	classes = {
	};
	objectVersion = 56;
	objects = {

/* Begin PBXBuildFile section */
		02A154491B2F4AD2908DCD7D /* StandappApp.swift in Sources */ = {isa = PBXBuildFile; fileRef = A2B20C5B65D74C8887856499 /* StandappApp.swift */; };
		0781BB902F6F9DE100F488C0 /* JiraModels.swift in Sources */ = {isa = PBXBuildFile; fileRef = 0781BB8F2F6F9DE100F488C0 /* JiraModels.swift */; };
		0781BB922F6F9DF900F488C0 /* KeychainManager.swift in Sources */ = {isa = PBXBuildFile; fileRef = 0781BB912F6F9DF900F488C0 /* KeychainManager.swift */; };
		0781BB942F6F9E1000F488C0 /* JiraNetworkService.swift in Sources */ = {isa = PBXBuildFile; fileRef = 0781BB932F6F9E1000F488C0 /* JiraNetworkService.swift */; };
		0781BB962F6F9E2A00F488C0 /* JiraViewModel.swift in Sources */ = {isa = PBXBuildFile; fileRef = 0781BB952F6F9E2A00F488C0 /* JiraViewModel.swift */; };
		0781BB982F6F9E5400F488C0 /* JiraViews.swift in Sources */ = {isa = PBXBuildFile; fileRef = 0781BB972F6F9E5400F488C0 /* JiraViews.swift */; };
		0781BB9B2F704E6200F488C0 /* SlackModels.swift in Sources */ = {isa = PBXBuildFile; fileRef = 0781BB9A2F704E6200F488C0 /* SlackModels.swift */; };
		0781BB9D2F704E7B00F488C0 /* SlackKeychainStorage.swift in Sources */ = {isa = PBXBuildFile; fileRef = 0781BB9C2F704E7B00F488C0 /* SlackKeychainStorage.swift */; };
		0781BB9F2F704E9F00F488C0 /* SlackNetworkService.swift in Sources */ = {isa = PBXBuildFile; fileRef = 0781BB9E2F704E9F00F488C0 /* SlackNetworkService.swift */; };
		0781BBA12F704EC900F488C0 /* SlackViewModel.swift in Sources */ = {isa = PBXBuildFile; fileRef = 0781BBA02F704EC900F488C0 /* SlackViewModel.swift */; };
		0781BBA32F704EFA00F488C0 /* SlackViews.swift in Sources */ = {isa = PBXBuildFile; fileRef = 0781BBA22F704EFA00F488C0 /* SlackViews.swift */; };
		0781BBA52F70515900F488C0 /* SecureStorageService.swift in Sources */ = {isa = PBXBuildFile; fileRef = 0781BBA42F70515900F488C0 /* SecureStorageService.swift */; };
		0781BBA72F7053CC00F488C0 /* SlackDispatchViewModel.swift in Sources */ = {isa = PBXBuildFile; fileRef = 0781BBA62F7053CC00F488C0 /* SlackDispatchViewModel.swift */; };
		0781BBA92F70694300F488C0 /* SlackUserStore.swift in Sources */ = {isa = PBXBuildFile; fileRef = 0781BBA82F70694300F488C0 /* SlackUserStore.swift */; };
		1B979BAC9EBB4E608E16647A /* StandupItem.swift in Sources */ = {isa = PBXBuildFile; fileRef = 2F9840DBE8AB4B5C9F990BFF /* StandupItem.swift */; };
		1D01A83DD68549FA927036AC /* NotificationManager.swift in Sources */ = {isa = PBXBuildFile; fileRef = 3DF196A1650441F0B26F70E5 /* NotificationManager.swift */; };
		4863BEC0318A423DA86C206E /* StandupFormatter.swift in Sources */ = {isa = PBXBuildFile; fileRef = D799A490FF554E14B83A8B43 /* StandupFormatter.swift */; };
		6A624138C0EB4F408E140739 /* AppSettings.swift in Sources */ = {isa = PBXBuildFile; fileRef = 96C2865760D34A7BA23E7BE4 /* AppSettings.swift */; };
		91A318FFC7F248E4B8CBF8F0 /* StandupSectionView.swift in Sources */ = {isa = PBXBuildFile; fileRef = F06BECC0D1454202BE6159F0 /* StandupSectionView.swift */; };
		A3FBA8FD19FC4D6BAFC66675 /* StandupFormView.swift in Sources */ = {isa = PBXBuildFile; fileRef = C03EAD8360974E9C92B76A01 /* StandupFormView.swift */; };
		BD54175A52C4436C838AFDB3 /* SettingsStore.swift in Sources */ = {isa = PBXBuildFile; fileRef = BD5C766B6FE04DBFA63FB7F0 /* SettingsStore.swift */; };
		D200E6B044EC41CEBB873C2F /* Assets.xcassets in Resources */ = {isa = PBXBuildFile; fileRef = 3989D014D15E4FBE9F3F543E /* Assets.xcassets */; };
		D77E8199D998413A9E0573B2 /* SettingsView.swift in Sources */ = {isa = PBXBuildFile; fileRef = F8ED5B5CCEF8433D9BB49D9E /* SettingsView.swift */; };
		E92AC0066E584BF2B2CE0AC6 /* ContentView.swift in Sources */ = {isa = PBXBuildFile; fileRef = 07215FCD5DF14E068F7E3F0E /* ContentView.swift */; };
/* End PBXBuildFile section */

/* Begin PBXFileReference section */
		07215FCD5DF14E068F7E3F0E /* ContentView.swift */ = {isa = PBXFileReference; lastKnownFileType = sourcecode.swift; path = ContentView.swift; sourceTree = "<group>"; };
		0781BB8F2F6F9DE100F488C0 /* JiraModels.swift */ = {isa = PBXFileReference; lastKnownFileType = sourcecode.swift; path = JiraModels.swift; sourceTree = "<group>"; };
		0781BB912F6F9DF900F488C0 /* KeychainManager.swift */ = {isa = PBXFileReference; lastKnownFileType = sourcecode.swift; path = KeychainManager.swift; sourceTree = "<group>"; };
		0781BB932F6F9E1000F488C0 /* JiraNetworkService.swift */ = {isa = PBXFileReference; lastKnownFileType = sourcecode.swift; path = JiraNetworkService.swift; sourceTree = "<group>"; };
		0781BB952F6F9E2A00F488C0 /* JiraViewModel.swift */ = {isa = PBXFileReference; lastKnownFileType = sourcecode.swift; path = JiraViewModel.swift; sourceTree = "<group>"; };
		0781BB972F6F9E5400F488C0 /* JiraViews.swift */ = {isa = PBXFileReference; lastKnownFileType = sourcecode.swift; path = JiraViews.swift; sourceTree = "<group>"; };
		0781BB9A2F704E6200F488C0 /* SlackModels.swift */ = {isa = PBXFileReference; lastKnownFileType = sourcecode.swift; path = SlackModels.swift; sourceTree = "<group>"; };
		0781BB9C2F704E7B00F488C0 /* SlackKeychainStorage.swift */ = {isa = PBXFileReference; lastKnownFileType = sourcecode.swift; path = SlackKeychainStorage.swift; sourceTree = "<group>"; };
		0781BB9E2F704E9F00F488C0 /* SlackNetworkService.swift */ = {isa = PBXFileReference; lastKnownFileType = sourcecode.swift; path = SlackNetworkService.swift; sourceTree = "<group>"; };
		0781BBA02F704EC900F488C0 /* SlackViewModel.swift */ = {isa = PBXFileReference; lastKnownFileType = sourcecode.swift; path = SlackViewModel.swift; sourceTree = "<group>"; };
		0781BBA22F704EFA00F488C0 /* SlackViews.swift */ = {isa = PBXFileReference; lastKnownFileType = sourcecode.swift; path = SlackViews.swift; sourceTree = "<group>"; };
		0781BBA42F70515900F488C0 /* SecureStorageService.swift */ = {isa = PBXFileReference; lastKnownFileType = sourcecode.swift; path = SecureStorageService.swift; sourceTree = "<group>"; };
		0781BBA62F7053CC00F488C0 /* SlackDispatchViewModel.swift */ = {isa = PBXFileReference; lastKnownFileType = sourcecode.swift; path = SlackDispatchViewModel.swift; sourceTree = "<group>"; };
		0781BBA82F70694300F488C0 /* SlackUserStore.swift */ = {isa = PBXFileReference; lastKnownFileType = sourcecode.swift; path = SlackUserStore.swift; sourceTree = "<group>"; };
		2F9840DBE8AB4B5C9F990BFF /* StandupItem.swift */ = {isa = PBXFileReference; lastKnownFileType = sourcecode.swift; path = StandupItem.swift; sourceTree = "<group>"; };
		3989D014D15E4FBE9F3F543E /* Assets.xcassets */ = {isa = PBXFileReference; lastKnownFileType = folder.assetcatalog; path = Assets.xcassets; sourceTree = "<group>"; };
		3C0DE0221AF7444B9DE31FAD /* Info.plist */ = {isa = PBXFileReference; lastKnownFileType = text.plist.xml; path = Info.plist; sourceTree = "<group>"; };
		3DF196A1650441F0B26F70E5 /* NotificationManager.swift */ = {isa = PBXFileReference; lastKnownFileType = sourcecode.swift; path = NotificationManager.swift; sourceTree = "<group>"; };
		8167E22132FB4F5686BE8901 /* Standapp.entitlements */ = {isa = PBXFileReference; lastKnownFileType = text.plist.entitlements; path = Standapp.entitlements; sourceTree = "<group>"; };
		96C2865760D34A7BA23E7BE4 /* AppSettings.swift */ = {isa = PBXFileReference; lastKnownFileType = sourcecode.swift; path = AppSettings.swift; sourceTree = "<group>"; };
		A2B20C5B65D74C8887856499 /* StandappApp.swift */ = {isa = PBXFileReference; lastKnownFileType = sourcecode.swift; path = StandappApp.swift; sourceTree = "<group>"; };
		AD3B5633F2044B5CBD53F58C /* Standapp.app */ = {isa = PBXFileReference; explicitFileType = wrapper.application; includeInIndex = 0; path = Standapp.app; sourceTree = BUILT_PRODUCTS_DIR; };
		BD5C766B6FE04DBFA63FB7F0 /* SettingsStore.swift */ = {isa = PBXFileReference; lastKnownFileType = sourcecode.swift; path = SettingsStore.swift; sourceTree = "<group>"; };
		C03EAD8360974E9C92B76A01 /* StandupFormView.swift */ = {isa = PBXFileReference; lastKnownFileType = sourcecode.swift; path = StandupFormView.swift; sourceTree = "<group>"; };
		D799A490FF554E14B83A8B43 /* StandupFormatter.swift */ = {isa = PBXFileReference; lastKnownFileType = sourcecode.swift; path = StandupFormatter.swift; sourceTree = "<group>"; };
		F06BECC0D1454202BE6159F0 /* StandupSectionView.swift */ = {isa = PBXFileReference; lastKnownFileType = sourcecode.swift; path = StandupSectionView.swift; sourceTree = "<group>"; };
		F8ED5B5CCEF8433D9BB49D9E /* SettingsView.swift */ = {isa = PBXFileReference; lastKnownFileType = sourcecode.swift; path = SettingsView.swift; sourceTree = "<group>"; };
/* End PBXFileReference section */

/* Begin PBXFrameworksBuildPhase section */
		302470047FA14993A93B2E9E /* Frameworks */ = {
			isa = PBXFrameworksBuildPhase;
			buildActionMask = 2147483647;
			files = (
			);
			runOnlyForDeploymentPostprocessing = 0;
		};
/* End PBXFrameworksBuildPhase section */

/* Begin PBXGroup section */
		0781BB8E2F6F9DC900F488C0 /* Jira */ = {
			isa = PBXGroup;
			children = (
				0781BB8F2F6F9DE100F488C0 /* JiraModels.swift */,
				0781BB912F6F9DF900F488C0 /* KeychainManager.swift */,
				0781BB932F6F9E1000F488C0 /* JiraNetworkService.swift */,
				0781BB952F6F9E2A00F488C0 /* JiraViewModel.swift */,
				0781BB972F6F9E5400F488C0 /* JiraViews.swift */,
			);
			path = Jira;
			sourceTree = "<group>";
		};
		0781BB992F704E4E00F488C0 /* Slack */ = {
			isa = PBXGroup;
			children = (
				0781BB9A2F704E6200F488C0 /* SlackModels.swift */,
				0781BB9C2F704E7B00F488C0 /* SlackKeychainStorage.swift */,
				0781BB9E2F704E9F00F488C0 /* SlackNetworkService.swift */,
				0781BBA02F704EC900F488C0 /* SlackViewModel.swift */,
				0781BBA22F704EFA00F488C0 /* SlackViews.swift */,
				0781BBA62F7053CC00F488C0 /* SlackDispatchViewModel.swift */,
				0781BBA82F70694300F488C0 /* SlackUserStore.swift */,
			);
			path = Slack;
			sourceTree = "<group>";
		};
		645C04D1EB9D4BBD8B2F1EBD /* Views */ = {
			isa = PBXGroup;
			children = (
				07215FCD5DF14E068F7E3F0E /* ContentView.swift */,
				C03EAD8360974E9C92B76A01 /* StandupFormView.swift */,
				F06BECC0D1454202BE6159F0 /* StandupSectionView.swift */,
				F8ED5B5CCEF8433D9BB49D9E /* SettingsView.swift */,
			);
			path = Views;
			sourceTree = "<group>";
		};
		8A075033093C47F8B46F034D /* Products */ = {
			isa = PBXGroup;
			children = (
				AD3B5633F2044B5CBD53F58C /* Standapp.app */,
			);
			name = Products;
			sourceTree = "<group>";
		};
		96B3CD1ADF5342DBA07EDE9C = {
			isa = PBXGroup;
			children = (
				F2A244CE1C5241FEA43BF01D /* Standapp */,
				8A075033093C47F8B46F034D /* Products */,
			);
			sourceTree = "<group>";
		};
		B5272FF5C96C47ED8DDCE083 /* Services */ = {
			isa = PBXGroup;
			children = (
				BD5C766B6FE04DBFA63FB7F0 /* SettingsStore.swift */,
				D799A490FF554E14B83A8B43 /* StandupFormatter.swift */,
				3DF196A1650441F0B26F70E5 /* NotificationManager.swift */,
				0781BBA42F70515900F488C0 /* SecureStorageService.swift */,
			);
			path = Services;
			sourceTree = "<group>";
		};
		D8EF1E29082C4EF4920AC4F6 /* Models */ = {
			isa = PBXGroup;
			children = (
				2F9840DBE8AB4B5C9F990BFF /* StandupItem.swift */,
				96C2865760D34A7BA23E7BE4 /* AppSettings.swift */,
			);
			path = Models;
			sourceTree = "<group>";
		};
		F2A244CE1C5241FEA43BF01D /* Standapp */ = {
			isa = PBXGroup;
			children = (
				A2B20C5B65D74C8887856499 /* StandappApp.swift */,
				645C04D1EB9D4BBD8B2F1EBD /* Views */,
				D8EF1E29082C4EF4920AC4F6 /* Models */,
				B5272FF5C96C47ED8DDCE083 /* Services */,
				3989D014D15E4FBE9F3F543E /* Assets.xcassets */,
				3C0DE0221AF7444B9DE31FAD /* Info.plist */,
				8167E22132FB4F5686BE8901 /* Standapp.entitlements */,
				0781BB8E2F6F9DC900F488C0 /* Jira */,
				0781BB992F704E4E00F488C0 /* Slack */,
			);
			path = Standapp;
			sourceTree = "<group>";
		};
/* End PBXGroup section */

/* Begin PBXNativeTarget section */
		5BE0904C175744E2AF8B67E5 /* Standapp */ = {
			isa = PBXNativeTarget;
			buildConfigurationList = 8F3B558A78694752B6B6339A /* Build configuration list for PBXNativeTarget "Standapp" */;
			buildPhases = (
				EB0BC8F862504BF3BBCFCF84 /* Sources */,
				302470047FA14993A93B2E9E /* Frameworks */,
				312B471B718B4184A0A4810F /* Resources */,
			);
			buildRules = (
			);
			dependencies = (
			);
			name = Standapp;
			productName = Standapp;
			productReference = AD3B5633F2044B5CBD53F58C /* Standapp.app */;
			productType = "com.apple.product-type.application";
		};
/* End PBXNativeTarget section */

/* Begin PBXProject section */
		19A97FE1645C486CBB997758 /* Project object */ = {
			isa = PBXProject;
			attributes = {
				BuildIndependentTargetsInParallel = 1;
				LastSwiftUpdateCheck = 1500;
				LastUpgradeCheck = 1500;
				TargetAttributes = {
					5BE0904C175744E2AF8B67E5 = {
						CreatedOnToolsVersion = 15.0;
					};
				};
			};
			buildConfigurationList = 19A3A0B3C43A40BEA8EF1319 /* Build configuration list for PBXProject "Standapp" */;
			compatibilityVersion = "Xcode 14.0";
			developmentRegion = en;
			hasScannedForEncodings = 0;
			knownRegions = (
				en,
				Base,
			);
			mainGroup = 96B3CD1ADF5342DBA07EDE9C;
			productRefGroup = 8A075033093C47F8B46F034D /* Products */;
			projectDirPath = "";
			projectRoot = "";
			targets = (
				5BE0904C175744E2AF8B67E5 /* Standapp */,
			);
		};
/* End PBXProject section */

/* Begin PBXResourcesBuildPhase section */
		312B471B718B4184A0A4810F /* Resources */ = {
			isa = PBXResourcesBuildPhase;
			buildActionMask = 2147483647;
			files = (
				D200E6B044EC41CEBB873C2F /* Assets.xcassets in Resources */,
			);
			runOnlyForDeploymentPostprocessing = 0;
		};
/* End PBXResourcesBuildPhase section */

/* Begin PBXSourcesBuildPhase section */
		EB0BC8F862504BF3BBCFCF84 /* Sources */ = {
			isa = PBXSourcesBuildPhase;
			buildActionMask = 2147483647;
			files = (
				02A154491B2F4AD2908DCD7D /* StandappApp.swift in Sources */,
				0781BBA92F70694300F488C0 /* SlackUserStore.swift in Sources */,
				E92AC0066E584BF2B2CE0AC6 /* ContentView.swift in Sources */,
				A3FBA8FD19FC4D6BAFC66675 /* StandupFormView.swift in Sources */,
				0781BBA72F7053CC00F488C0 /* SlackDispatchViewModel.swift in Sources */,
				91A318FFC7F248E4B8CBF8F0 /* StandupSectionView.swift in Sources */,
				D77E8199D998413A9E0573B2 /* SettingsView.swift in Sources */,
				0781BB942F6F9E1000F488C0 /* JiraNetworkService.swift in Sources */,
				1B979BAC9EBB4E608E16647A /* StandupItem.swift in Sources */,
				0781BB902F6F9DE100F488C0 /* JiraModels.swift in Sources */,
				0781BB962F6F9E2A00F488C0 /* JiraViewModel.swift in Sources */,
				0781BB922F6F9DF900F488C0 /* KeychainManager.swift in Sources */,
				6A624138C0EB4F408E140739 /* AppSettings.swift in Sources */,
				1D01A83DD68549FA927036AC /* NotificationManager.swift in Sources */,
				BD54175A52C4436C838AFDB3 /* SettingsStore.swift in Sources */,
				4863BEC0318A423DA86C206E /* StandupFormatter.swift in Sources */,
				0781BBA52F70515900F488C0 /* SecureStorageService.swift in Sources */,
				0781BB9D2F704E7B00F488C0 /* SlackKeychainStorage.swift in Sources */,
				0781BB9B2F704E6200F488C0 /* SlackModels.swift in Sources */,
				0781BBA12F704EC900F488C0 /* SlackViewModel.swift in Sources */,
				0781BB982F6F9E5400F488C0 /* JiraViews.swift in Sources */,
				0781BB9F2F704E9F00F488C0 /* SlackNetworkService.swift in Sources */,
				0781BBA32F704EFA00F488C0 /* SlackViews.swift in Sources */,
			);
			runOnlyForDeploymentPostprocessing = 0;
		};
/* End PBXSourcesBuildPhase section */

/* Begin XCBuildConfiguration section */
		1CF9CA5A61314F329222A40C /* Debug */ = {
			isa = XCBuildConfiguration;
			buildSettings = {
				ASSETCATALOG_COMPILER_APPICON_NAME = AppIcon;
				ASSETCATALOG_COMPILER_GLOBAL_ACCENT_COLOR_NAME = AccentColor;
				ASSETCATALOG_COMPILER_INCLUDE_ALL_APPICON_ASSETS = NO;
				CODE_SIGN_ENTITLEMENTS = Standapp/Standapp.entitlements;
				"CODE_SIGN_IDENTITY[sdk=macosx*]" = "-";
				CODE_SIGN_STYLE = Automatic;
				COMBINE_HIDPI_IMAGES = YES;
				CURRENT_PROJECT_VERSION = 1;
				ENABLE_APP_SANDBOX = YES;
				ENABLE_HARDENED_RUNTIME = YES;
				ENABLE_INCOMING_NETWORK_CONNECTIONS = NO;
				ENABLE_OUTGOING_NETWORK_CONNECTIONS = NO;
				ENABLE_RESOURCE_ACCESS_AUDIO_INPUT = NO;
				ENABLE_RESOURCE_ACCESS_BLUETOOTH = NO;
				ENABLE_RESOURCE_ACCESS_CALENDARS = NO;
				ENABLE_RESOURCE_ACCESS_CAMERA = NO;
				ENABLE_RESOURCE_ACCESS_CONTACTS = NO;
				ENABLE_RESOURCE_ACCESS_LOCATION = NO;
				ENABLE_RESOURCE_ACCESS_PRINTING = NO;
				ENABLE_RESOURCE_ACCESS_USB = NO;
				GENERATE_INFOPLIST_FILE = NO;
				INFOPLIST_FILE = Standapp/Info.plist;
				INFOPLIST_KEY_CFBundleDisplayName = Standapp;
				INFOPLIST_KEY_LSApplicationCategoryType = "public.app-category.developer-tools";
				LD_RUNPATH_SEARCH_PATHS = (
					"$(inherited)",
					"@executable_path/../Frameworks",
				);
				MACOSX_DEPLOYMENT_TARGET = 14.0;
				MARKETING_VERSION = 1.0;
				PRODUCT_BUNDLE_IDENTIFIER = com.standapp.Standapp;
				PRODUCT_NAME = "$(TARGET_NAME)";
				SWIFT_EMIT_LOC_STRINGS = YES;
				SWIFT_VERSION = 5.0;
			};
			name = Debug;
		};
		7CB31FC1980A4D2B91F79B0A /* Release */ = {
			isa = XCBuildConfiguration;
			buildSettings = {
				ASSETCATALOG_COMPILER_APPICON_NAME = AppIcon;
				ASSETCATALOG_COMPILER_GLOBAL_ACCENT_COLOR_NAME = AccentColor;
				ASSETCATALOG_COMPILER_INCLUDE_ALL_APPICON_ASSETS = NO;
				CODE_SIGN_ENTITLEMENTS = Standapp/Standapp.entitlements;
				"CODE_SIGN_IDENTITY[sdk=macosx*]" = "-";
				CODE_SIGN_STYLE = Automatic;
				COMBINE_HIDPI_IMAGES = YES;
				CURRENT_PROJECT_VERSION = 1;
				ENABLE_APP_SANDBOX = YES;
				ENABLE_HARDENED_RUNTIME = YES;
				ENABLE_INCOMING_NETWORK_CONNECTIONS = NO;
				ENABLE_OUTGOING_NETWORK_CONNECTIONS = NO;
				ENABLE_RESOURCE_ACCESS_AUDIO_INPUT = NO;
				ENABLE_RESOURCE_ACCESS_BLUETOOTH = NO;
				ENABLE_RESOURCE_ACCESS_CALENDARS = NO;
				ENABLE_RESOURCE_ACCESS_CAMERA = NO;
				ENABLE_RESOURCE_ACCESS_CONTACTS = NO;
				ENABLE_RESOURCE_ACCESS_LOCATION = NO;
				ENABLE_RESOURCE_ACCESS_PRINTING = NO;
				ENABLE_RESOURCE_ACCESS_USB = NO;
				GENERATE_INFOPLIST_FILE = NO;
				INFOPLIST_FILE = Standapp/Info.plist;
				INFOPLIST_KEY_CFBundleDisplayName = Standapp;
				INFOPLIST_KEY_LSApplicationCategoryType = "public.app-category.developer-tools";
				LD_RUNPATH_SEARCH_PATHS = (
					"$(inherited)",
					"@executable_path/../Frameworks",
				);
				MACOSX_DEPLOYMENT_TARGET = 14.0;
				MARKETING_VERSION = 1.0;
				PRODUCT_BUNDLE_IDENTIFIER = com.standapp.Standapp;
				PRODUCT_NAME = "$(TARGET_NAME)";
				SWIFT_EMIT_LOC_STRINGS = YES;
				SWIFT_VERSION = 5.0;
			};
			name = Release;
		};
		942871BDADA645B7A5585110 /* Debug */ = {
			isa = XCBuildConfiguration;
			buildSettings = {
				ALWAYS_SEARCH_USER_PATHS = NO;
				CLANG_ANALYZER_NONNULL = YES;
				CLANG_ANALYZER_NUMBER_OBJECT_CONVERSION = YES_AGGRESSIVE;
				CLANG_CXX_LANGUAGE_STANDARD = "gnu++20";
				CLANG_ENABLE_MODULES = YES;
				CLANG_ENABLE_OBJC_ARC = YES;
				CLANG_ENABLE_OBJC_WEAK = YES;
				CLANG_WARN_BLOCK_CAPTURE_AUTORELEASING = YES;
				CLANG_WARN_BOOL_CONVERSION = YES;
				CLANG_WARN_COMMA = YES;
				CLANG_WARN_CONSTANT_CONVERSION = YES;
				CLANG_WARN_DEPRECATED_OBJC_IMPLEMENTATIONS = YES;
				CLANG_WARN_DIRECT_OBJC_ISA_USAGE = YES_ERROR;
				CLANG_WARN_DOCUMENTATION_COMMENTS = YES;
				CLANG_WARN_EMPTY_BODY = YES;
				CLANG_WARN_ENUM_CONVERSION = YES;
				CLANG_WARN_INFINITE_LOOPS = YES;
				CLANG_WARN_INT_CONVERSION = YES;
				CLANG_WARN_NON_LITERAL_NULL_CONVERSION = YES;
				CLANG_WARN_OBJC_IMPLICIT_RETAIN_SELF = YES;
				CLANG_WARN_OBJC_LITERAL_CONVERSION = YES;
				CLANG_WARN_OBJC_ROOT_CLASS = YES_ERROR;
				CLANG_WARN_QUOTED_INCLUDE_IN_FRAMEWORK_HEADER = YES;
				CLANG_WARN_RANGE_LOOP_ANALYSIS = YES;
				CLANG_WARN_STRICT_PROTOTYPES = YES;
				CLANG_WARN_SUSPICIOUS_MOVE = YES;
				CLANG_WARN_UNGUARDED_AVAILABILITY = YES_AGGRESSIVE;
				CLANG_WARN_UNREACHABLE_CODE = YES;
				CLANG_WARN__DUPLICATE_METHOD_MATCH = YES;
				COPY_PHASE_STRIP = NO;
				DEBUG_INFORMATION_FORMAT = dwarf;
				ENABLE_STRICT_OBJC_MSGSEND = YES;
				ENABLE_TESTABILITY = YES;
				GCC_C_LANGUAGE_STANDARD = gnu17;
				GCC_DYNAMIC_NO_PIC = NO;
				GCC_NO_COMMON_BLOCKS = YES;
				GCC_OPTIMIZATION_LEVEL = 0;
				GCC_PREPROCESSOR_DEFINITIONS = (
					"DEBUG=1",
					"$(inherited)",
				);
				GCC_WARN_64_TO_32_BIT_CONVERSION = YES;
				GCC_WARN_ABOUT_RETURN_TYPE = YES_ERROR;
				GCC_WARN_UNDECLARED_SELECTOR = YES;
				GCC_WARN_UNINITIALIZED_AUTOS = YES_AGGRESSIVE;
				GCC_WARN_UNUSED_FUNCTION = YES;
				GCC_WARN_UNUSED_VARIABLE = YES;
				MACOSX_DEPLOYMENT_TARGET = 14.0;
				MTL_ENABLE_DEBUG_INFO = INCLUDE_SOURCE;
				MTL_FAST_MATH = YES;
				ONLY_ACTIVE_ARCH = YES;
				SDKROOT = macosx;
				SWIFT_ACTIVE_COMPILATION_CONDITIONS = DEBUG;
				SWIFT_OPTIMIZATION_LEVEL = "-Onone";
			};
			name = Debug;
		};
		9451A47370D847AAA106ACED /* Release */ = {
			isa = XCBuildConfiguration;
			buildSettings = {
				ALWAYS_SEARCH_USER_PATHS = NO;
				CLANG_ANALYZER_NONNULL = YES;
				CLANG_ANALYZER_NUMBER_OBJECT_CONVERSION = YES_AGGRESSIVE;
				CLANG_CXX_LANGUAGE_STANDARD = "gnu++20";
				CLANG_ENABLE_MODULES = YES;
				CLANG_ENABLE_OBJC_ARC = YES;
				CLANG_ENABLE_OBJC_WEAK = YES;
				CLANG_WARN_BLOCK_CAPTURE_AUTORELEASING = YES;
				CLANG_WARN_BOOL_CONVERSION = YES;
				CLANG_WARN_COMMA = YES;
				CLANG_WARN_CONSTANT_CONVERSION = YES;
				CLANG_WARN_DEPRECATED_OBJC_IMPLEMENTATIONS = YES;
				CLANG_WARN_DIRECT_OBJC_ISA_USAGE = YES_ERROR;
				CLANG_WARN_DOCUMENTATION_COMMENTS = YES;
				CLANG_WARN_EMPTY_BODY = YES;
				CLANG_WARN_ENUM_CONVERSION = YES;
				CLANG_WARN_INFINITE_LOOPS = YES;
				CLANG_WARN_INT_CONVERSION = YES;
				CLANG_WARN_NON_LITERAL_NULL_CONVERSION = YES;
				CLANG_WARN_OBJC_IMPLICIT_RETAIN_SELF = YES;
				CLANG_WARN_OBJC_LITERAL_CONVERSION = YES;
				CLANG_WARN_OBJC_ROOT_CLASS = YES_ERROR;
				CLANG_WARN_QUOTED_INCLUDE_IN_FRAMEWORK_HEADER = YES;
				CLANG_WARN_RANGE_LOOP_ANALYSIS = YES;
				CLANG_WARN_STRICT_PROTOTYPES = YES;
				CLANG_WARN_SUSPICIOUS_MOVE = YES;
				CLANG_WARN_UNGUARDED_AVAILABILITY = YES_AGGRESSIVE;
				CLANG_WARN_UNREACHABLE_CODE = YES;
				CLANG_WARN__DUPLICATE_METHOD_MATCH = YES;
				COPY_PHASE_STRIP = NO;
				DEBUG_INFORMATION_FORMAT = "dwarf-with-dsym";
				ENABLE_NS_ASSERTIONS = NO;
				ENABLE_STRICT_OBJC_MSGSEND = YES;
				GCC_C_LANGUAGE_STANDARD = gnu17;
				GCC_NO_COMMON_BLOCKS = YES;
				GCC_WARN_64_TO_32_BIT_CONVERSION = YES;
				GCC_WARN_ABOUT_RETURN_TYPE = YES_ERROR;
				GCC_WARN_UNDECLARED_SELECTOR = YES;
				GCC_WARN_UNINITIALIZED_AUTOS = YES_AGGRESSIVE;
				GCC_WARN_UNUSED_FUNCTION = YES;
				GCC_WARN_UNUSED_VARIABLE = YES;
				MACOSX_DEPLOYMENT_TARGET = 14.0;
				MTL_ENABLE_DEBUG_INFO = NO;
				MTL_FAST_MATH = YES;
				SDKROOT = macosx;
				SWIFT_OPTIMIZATION_LEVEL = "-Owholemodule";
			};
			name = Release;
		};
/* End XCBuildConfiguration section */

/* Begin XCConfigurationList section */
		19A3A0B3C43A40BEA8EF1319 /* Build configuration list for PBXProject "Standapp" */ = {
			isa = XCConfigurationList;
			buildConfigurations = (
				942871BDADA645B7A5585110 /* Debug */,
				9451A47370D847AAA106ACED /* Release */,
			);
			defaultConfigurationIsVisible = 0;
			defaultConfigurationName = Release;
		};
		8F3B558A78694752B6B6339A /* Build configuration list for PBXNativeTarget "Standapp" */ = {
			isa = XCConfigurationList;
			buildConfigurations = (
				1CF9CA5A61314F329222A40C /* Debug */,
				7CB31FC1980A4D2B91F79B0A /* Release */,
			);
			defaultConfigurationIsVisible = 0;
			defaultConfigurationName = Release;
		};
/* End XCConfigurationList section */
	};
	rootObject = 19A97FE1645C486CBB997758 /* Project object */;
}
